
Microsoft Visual Studio Solution File, Format Version 12.00
# Visual Studio Version 17
VisualStudioVersion = 17.8.34330.188
MinimumVisualStudioVersion = 10.0.40219.1
Project("{FAE04EC0-301F-11D3-BF4B-00C04F79EFBC}") = "BankApplication", "BankApplication.csproj", "{45818A97-9D8A-47AD-99ED-A52F3AEADA0D}"
EndProject
Global
	GlobalSection(SolutionConfigurationPlatforms) = preSolution
		Debug|Any CPU = Debug|Any CPU
		Release|Any CPU = Release|Any CPU
	EndGlobalSection
	GlobalSection(ProjectConfigurationPlatforms) = postSolution
		{45818A97-9D8A-47AD-99ED-A52F3AEADA0D}.Debug|Any CPU.ActiveCfg = Debug|Any CPU
		{45818A97-9D8A-47AD-99ED-A52F3AEADA0D}.Debug|Any CPU.Build.0 = Debug|Any CPU
		{45818A97-9D8A-47AD-99ED-A52F3AEADA0D}.Release|Any CPU.ActiveCfg = Release|Any CPU
		{45818A97-9D8A-47AD-99ED-A52F3AEADA0D}.Release|Any CPU.Build.0 = Release|Any CPU
	EndGlobalSection
	GlobalSection(SolutionProperties) = preSolution
		HideSolutionNode = FALSE
	EndGlobalSection
	GlobalSection(ExtensibilityGlobals) = postSolution
		SolutionGuid = {B264270E-783A-47D2-9909-DB35B6E6423A}
	EndGlobalSection
EndGlobal
